{
  "name": "bunjs_in_production",
  "version": "0.0.3",
  "lockfileVersion": 2,
  "requires": true,
  "packages": {
    "": {
      "name": "bunjs_in_production",
      "version": "0.0.3",
      "dependencies": {
        "sole-token": "^1.1.0"
      },
      "devDependencies": {
        "bun-types": "latest"
      }
    },
    "node_modules/bun-types": {
      "version": "0.1.4",
      "resolved": "https://registry.npmjs.org/bun-types/-/bun-types-0.1.4.tgz",
      "integrity": "sha512-8nyx22INhlPT+R/1MebbAK7TX48aLQdrLTEmce3oTlne5GunoxMEtCiHOku90XKeHbxxbMkkPI2TX1m0pvlLaw==",
      "dev": true
    },
    "node_modules/sole-token": {
      "version": "1.1.1",
      "resolved": "https://registry.npmjs.org/sole-token/-/sole-token-1.1.1.tgz",
      "integrity": "sha512-PH/oD+5D+aojB65X3eilooha5ypBpHfuwbZjUdp2nYXtdybb6mE7p7NiNkP5A2zIzV2ceO9S/GXbHSx9lc7iHA=="
    }
  },
  "dependencies": {
    "bun-types": {
      "version": "0.1.4",
      "resolved": "https://registry.npmjs.org/bun-types/-/bun-types-0.1.4.tgz",
      "integrity": "sha512-8nyx22INhlPT+R/1MebbAK7TX48aLQdrLTEmce3oTlne5GunoxMEtCiHOku90XKeHbxxbMkkPI2TX1m0pvlLaw==",
      "dev": true
    },
    "sole-token": {
      "version": "1.1.1",
      "resolved": "https://registry.npmjs.org/sole-token/-/sole-token-1.1.1.tgz",
      "integrity": "sha512-PH/oD+5D+aojB65X3eilooha5ypBpHfuwbZjUdp2nYXtdybb6mE7p7NiNkP5A2zIzV2ceO9S/GXbHSx9lc7iHA=="
    }
  }
}
